
Microsoft Visual Studio Solution File, Format Version 12.00
Project("{2150E333-8FDC-42A3-9474-1A3956D46DE8}") = "Lab5", "Lab5", "{E3423ECD-93D3-4F16-B021-A94B129E6CAF}"
EndProject
Project("{FAE04EC0-301F-11D3-BF4B-00C04F79EFBC}") = "Lab1", "Lab1\Lab1.csproj", "{DC0D710B-E099-41EC-B6AD-1B5E9F25BD8D}"
EndProject
Project("{FAE04EC0-301F-11D3-BF4B-00C04F79EFBC}") = "Lab2", "Lab2\Lab2.csproj", "{D6AFF503-71C1-48C4-B993-1D5A4C629341}"
EndProject
Project("{FAE04EC0-301F-11D3-BF4B-00C04F79EFBC}") = "Lab3", "Lab3\Lab3.csproj", "{E7C562D6-977E-4886-88AF-C1967321AD6D}"
EndProject
Project("{FAE04EC0-301F-11D3-BF4B-00C04F79EFBC}") = "Lab4", "Lab4\Lab4.csproj", "{595AEF79-246A-4CAB-8956-6E493676F627}"
EndProject
Project("{2150E333-8FDC-42A3-9474-1A3956D46DE8}") = "src", "src", "{E6D8ED08-6972-4276-B10E-F956AAB36D2E}"
EndProject
Project("{2150E333-8FDC-42A3-9474-1A3956D46DE8}") = "tests", "tests", "{E36B9621-BABD-452F-8199-3186BF43AEF2}"
EndProject
Project("{FAE04EC0-301F-11D3-BF4B-00C04F79EFBC}") = "Lab1.Tests", "Lab1.Tests\Lab1.Tests.csproj", "{D908A2F0-BE8F-4C49-A85C-8E4480EE63D2}"
EndProject
Project("{FAE04EC0-301F-11D3-BF4B-00C04F79EFBC}") = "Lab2.Tests", "Lab2.Tests\Lab2.Tests.csproj", "{F6CC0A83-467F-4F58-BF4A-7C7A8C50196D}"
EndProject
Project("{FAE04EC0-301F-11D3-BF4B-00C04F79EFBC}") = "Lab3.Tests", "Lab3.Tests\Lab3.Tests.csproj", "{558228C3-1AD2-4838-ADFA-5724CB420EC7}"
EndProject
Project("{FAE04EC0-301F-11D3-BF4B-00C04F79EFBC}") = "Lab4.Tests", "Lab4.Tests\Lab4.Tests.csproj", "{576B4860-01E5-4B65-8932-737C4008611B}"
EndProject
Project("{FAE04EC0-301F-11D3-BF4B-00C04F79EFBC}") = "Lab5.Tests", "Lab5.Tests\Lab5.Tests.csproj", "{7838DE4C-045E-4782-B9D2-7983A6AF6AD0}"
EndProject
Project("{2150E333-8FDC-42A3-9474-1A3956D46DE8}") = "Application", "Application", "{0368ADA8-B380-4F1B-8142-706A45620D90}"
EndProject
Project("{2150E333-8FDC-42A3-9474-1A3956D46DE8}") = "docker", "docker", "{9A89E068-767B-4091-B397-EF3CD2104A58}"
EndProject
Project("{2150E333-8FDC-42A3-9474-1A3956D46DE8}") = "Infrastructure", "Infrastructure", "{4BF08B88-7043-4A1D-A3B0-68A2C3112BC6}"
EndProject
Project("{2150E333-8FDC-42A3-9474-1A3956D46DE8}") = "Presentation", "Presentation", "{310F18A4-7CAD-4D81-9100-3209BA20B333}"
EndProject
Project("{FAE04EC0-301F-11D3-BF4B-00C04F79EFBC}") = "Lab5", "Lab5\Lab5.csproj", "{CC35A8D1-522E-4582-8B5E-0AFA6ABB8A8F}"
EndProject
Project("{FAE04EC0-301F-11D3-BF4B-00C04F79EFBC}") = "Lab5.Presentation.Console", "Lab5.Presentation.Console\Lab5.Presentation.Console.csproj", "{3BD36AAF-C12B-480E-BC1C-FE174F421483}"
EndProject
Project("{FAE04EC0-301F-11D3-BF4B-00C04F79EFBC}") = "Lab5.Infrastructure.DataAccess", "Lab5.Infrastructure.DataAccess\Lab5.Infrastructure.DataAccess.csproj", "{25568FE0-F5F3-46D5-8590-1670B36CCA33}"
EndProject
Project("{FAE04EC0-301F-11D3-BF4B-00C04F79EFBC}") = "Lab5.Application", "Lab5.Application\Lab5.Application.csproj", "{7E80CCE1-84D5-44FA-A6C7-47146358279D}"
EndProject
Project("{FAE04EC0-301F-11D3-BF4B-00C04F79EFBC}") = "Lab5.Application.Abstractions", "Lab5.Application.Abstractions\Lab5.Application.Abstractions.csproj", "{2BE4165B-FC0C-494C-AADB-3AF89781D2B9}"
EndProject
Project("{FAE04EC0-301F-11D3-BF4B-00C04F79EFBC}") = "Lab5.Application.Contract", "Lab5.Application.Contract\Lab5.Application.Contract.csproj", "{171E9BEE-9975-49CA-879C-7E64ADE65FE5}"
EndProject
Project("{FAE04EC0-301F-11D3-BF4B-00C04F79EFBC}") = "Lab5.Application.Models", "Lab5.Application.Models\Lab5.Application.Models.csproj", "{B73F7857-7CD3-417F-8A5B-5851642D01F2}"
EndProject
Global
	GlobalSection(SolutionConfigurationPlatforms) = preSolution
		Debug|Any CPU = Debug|Any CPU
		Release|Any CPU = Release|Any CPU
	EndGlobalSection
	GlobalSection(ProjectConfigurationPlatforms) = postSolution
		{DC0D710B-E099-41EC-B6AD-1B5E9F25BD8D}.Debug|Any CPU.ActiveCfg = Debug|Any CPU
		{DC0D710B-E099-41EC-B6AD-1B5E9F25BD8D}.Debug|Any CPU.Build.0 = Debug|Any CPU
		{DC0D710B-E099-41EC-B6AD-1B5E9F25BD8D}.Release|Any CPU.ActiveCfg = Release|Any CPU
		{DC0D710B-E099-41EC-B6AD-1B5E9F25BD8D}.Release|Any CPU.Build.0 = Release|Any CPU
		{D6AFF503-71C1-48C4-B993-1D5A4C629341}.Debug|Any CPU.ActiveCfg = Debug|Any CPU
		{D6AFF503-71C1-48C4-B993-1D5A4C629341}.Debug|Any CPU.Build.0 = Debug|Any CPU
		{D6AFF503-71C1-48C4-B993-1D5A4C629341}.Release|Any CPU.ActiveCfg = Release|Any CPU
		{D6AFF503-71C1-48C4-B993-1D5A4C629341}.Release|Any CPU.Build.0 = Release|Any CPU
		{E7C562D6-977E-4886-88AF-C1967321AD6D}.Debug|Any CPU.ActiveCfg = Debug|Any CPU
		{E7C562D6-977E-4886-88AF-C1967321AD6D}.Debug|Any CPU.Build.0 = Debug|Any CPU
		{E7C562D6-977E-4886-88AF-C1967321AD6D}.Release|Any CPU.ActiveCfg = Release|Any CPU
		{E7C562D6-977E-4886-88AF-C1967321AD6D}.Release|Any CPU.Build.0 = Release|Any CPU
		{595AEF79-246A-4CAB-8956-6E493676F627}.Debug|Any CPU.ActiveCfg = Debug|Any CPU
		{595AEF79-246A-4CAB-8956-6E493676F627}.Debug|Any CPU.Build.0 = Debug|Any CPU
		{595AEF79-246A-4CAB-8956-6E493676F627}.Release|Any CPU.ActiveCfg = Release|Any CPU
		{595AEF79-246A-4CAB-8956-6E493676F627}.Release|Any CPU.Build.0 = Release|Any CPU
		{D908A2F0-BE8F-4C49-A85C-8E4480EE63D2}.Debug|Any CPU.ActiveCfg = Debug|Any CPU
		{D908A2F0-BE8F-4C49-A85C-8E4480EE63D2}.Debug|Any CPU.Build.0 = Debug|Any CPU
		{D908A2F0-BE8F-4C49-A85C-8E4480EE63D2}.Release|Any CPU.ActiveCfg = Release|Any CPU
		{D908A2F0-BE8F-4C49-A85C-8E4480EE63D2}.Release|Any CPU.Build.0 = Release|Any CPU
		{F6CC0A83-467F-4F58-BF4A-7C7A8C50196D}.Debug|Any CPU.ActiveCfg = Debug|Any CPU
		{F6CC0A83-467F-4F58-BF4A-7C7A8C50196D}.Debug|Any CPU.Build.0 = Debug|Any CPU
		{F6CC0A83-467F-4F58-BF4A-7C7A8C50196D}.Release|Any CPU.ActiveCfg = Release|Any CPU
		{F6CC0A83-467F-4F58-BF4A-7C7A8C50196D}.Release|Any CPU.Build.0 = Release|Any CPU
		{558228C3-1AD2-4838-ADFA-5724CB420EC7}.Debug|Any CPU.ActiveCfg = Debug|Any CPU
		{558228C3-1AD2-4838-ADFA-5724CB420EC7}.Debug|Any CPU.Build.0 = Debug|Any CPU
		{558228C3-1AD2-4838-ADFA-5724CB420EC7}.Release|Any CPU.ActiveCfg = Release|Any CPU
		{558228C3-1AD2-4838-ADFA-5724CB420EC7}.Release|Any CPU.Build.0 = Release|Any CPU
		{576B4860-01E5-4B65-8932-737C4008611B}.Debug|Any CPU.ActiveCfg = Debug|Any CPU
		{576B4860-01E5-4B65-8932-737C4008611B}.Debug|Any CPU.Build.0 = Debug|Any CPU
		{576B4860-01E5-4B65-8932-737C4008611B}.Release|Any CPU.ActiveCfg = Release|Any CPU
		{576B4860-01E5-4B65-8932-737C4008611B}.Release|Any CPU.Build.0 = Release|Any CPU
		{7838DE4C-045E-4782-B9D2-7983A6AF6AD0}.Debug|Any CPU.ActiveCfg = Debug|Any CPU
		{7838DE4C-045E-4782-B9D2-7983A6AF6AD0}.Debug|Any CPU.Build.0 = Debug|Any CPU
		{7838DE4C-045E-4782-B9D2-7983A6AF6AD0}.Release|Any CPU.ActiveCfg = Release|Any CPU
		{7838DE4C-045E-4782-B9D2-7983A6AF6AD0}.Release|Any CPU.Build.0 = Release|Any CPU
		{CC35A8D1-522E-4582-8B5E-0AFA6ABB8A8F}.Debug|Any CPU.ActiveCfg = Debug|Any CPU
		{CC35A8D1-522E-4582-8B5E-0AFA6ABB8A8F}.Debug|Any CPU.Build.0 = Debug|Any CPU
		{CC35A8D1-522E-4582-8B5E-0AFA6ABB8A8F}.Release|Any CPU.ActiveCfg = Release|Any CPU
		{CC35A8D1-522E-4582-8B5E-0AFA6ABB8A8F}.Release|Any CPU.Build.0 = Release|Any CPU
		{3BD36AAF-C12B-480E-BC1C-FE174F421483}.Debug|Any CPU.ActiveCfg = Debug|Any CPU
		{3BD36AAF-C12B-480E-BC1C-FE174F421483}.Debug|Any CPU.Build.0 = Debug|Any CPU
		{3BD36AAF-C12B-480E-BC1C-FE174F421483}.Release|Any CPU.ActiveCfg = Release|Any CPU
		{3BD36AAF-C12B-480E-BC1C-FE174F421483}.Release|Any CPU.Build.0 = Release|Any CPU
		{25568FE0-F5F3-46D5-8590-1670B36CCA33}.Debug|Any CPU.ActiveCfg = Debug|Any CPU
		{25568FE0-F5F3-46D5-8590-1670B36CCA33}.Debug|Any CPU.Build.0 = Debug|Any CPU
		{25568FE0-F5F3-46D5-8590-1670B36CCA33}.Release|Any CPU.ActiveCfg = Release|Any CPU
		{25568FE0-F5F3-46D5-8590-1670B36CCA33}.Release|Any CPU.Build.0 = Release|Any CPU
		{7E80CCE1-84D5-44FA-A6C7-47146358279D}.Debug|Any CPU.ActiveCfg = Debug|Any CPU
		{7E80CCE1-84D5-44FA-A6C7-47146358279D}.Debug|Any CPU.Build.0 = Debug|Any CPU
		{7E80CCE1-84D5-44FA-A6C7-47146358279D}.Release|Any CPU.ActiveCfg = Release|Any CPU
		{7E80CCE1-84D5-44FA-A6C7-47146358279D}.Release|Any CPU.Build.0 = Release|Any CPU
		{2BE4165B-FC0C-494C-AADB-3AF89781D2B9}.Debug|Any CPU.ActiveCfg = Debug|Any CPU
		{2BE4165B-FC0C-494C-AADB-3AF89781D2B9}.Debug|Any CPU.Build.0 = Debug|Any CPU
		{2BE4165B-FC0C-494C-AADB-3AF89781D2B9}.Release|Any CPU.ActiveCfg = Release|Any CPU
		{2BE4165B-FC0C-494C-AADB-3AF89781D2B9}.Release|Any CPU.Build.0 = Release|Any CPU
		{171E9BEE-9975-49CA-879C-7E64ADE65FE5}.Debug|Any CPU.ActiveCfg = Debug|Any CPU
		{171E9BEE-9975-49CA-879C-7E64ADE65FE5}.Debug|Any CPU.Build.0 = Debug|Any CPU
		{171E9BEE-9975-49CA-879C-7E64ADE65FE5}.Release|Any CPU.ActiveCfg = Release|Any CPU
		{171E9BEE-9975-49CA-879C-7E64ADE65FE5}.Release|Any CPU.Build.0 = Release|Any CPU
		{B73F7857-7CD3-417F-8A5B-5851642D01F2}.Debug|Any CPU.ActiveCfg = Debug|Any CPU
		{B73F7857-7CD3-417F-8A5B-5851642D01F2}.Debug|Any CPU.Build.0 = Debug|Any CPU
		{B73F7857-7CD3-417F-8A5B-5851642D01F2}.Release|Any CPU.ActiveCfg = Release|Any CPU
		{B73F7857-7CD3-417F-8A5B-5851642D01F2}.Release|Any CPU.Build.0 = Release|Any CPU
	EndGlobalSection
	GlobalSection(NestedProjects) = preSolution
		{DC0D710B-E099-41EC-B6AD-1B5E9F25BD8D} = {E6D8ED08-6972-4276-B10E-F956AAB36D2E}
		{D6AFF503-71C1-48C4-B993-1D5A4C629341} = {E6D8ED08-6972-4276-B10E-F956AAB36D2E}
		{595AEF79-246A-4CAB-8956-6E493676F627} = {E6D8ED08-6972-4276-B10E-F956AAB36D2E}
		{E7C562D6-977E-4886-88AF-C1967321AD6D} = {E6D8ED08-6972-4276-B10E-F956AAB36D2E}
		{E3423ECD-93D3-4F16-B021-A94B129E6CAF} = {E6D8ED08-6972-4276-B10E-F956AAB36D2E}
		{D908A2F0-BE8F-4C49-A85C-8E4480EE63D2} = {E36B9621-BABD-452F-8199-3186BF43AEF2}
		{F6CC0A83-467F-4F58-BF4A-7C7A8C50196D} = {E36B9621-BABD-452F-8199-3186BF43AEF2}
		{558228C3-1AD2-4838-ADFA-5724CB420EC7} = {E36B9621-BABD-452F-8199-3186BF43AEF2}
		{576B4860-01E5-4B65-8932-737C4008611B} = {E36B9621-BABD-452F-8199-3186BF43AEF2}
		{7838DE4C-045E-4782-B9D2-7983A6AF6AD0} = {E36B9621-BABD-452F-8199-3186BF43AEF2}
		{0368ADA8-B380-4F1B-8142-706A45620D90} = {E3423ECD-93D3-4F16-B021-A94B129E6CAF}
		{9A89E068-767B-4091-B397-EF3CD2104A58} = {E3423ECD-93D3-4F16-B021-A94B129E6CAF}
		{4BF08B88-7043-4A1D-A3B0-68A2C3112BC6} = {E3423ECD-93D3-4F16-B021-A94B129E6CAF}
		{310F18A4-7CAD-4D81-9100-3209BA20B333} = {E3423ECD-93D3-4F16-B021-A94B129E6CAF}
		{CC35A8D1-522E-4582-8B5E-0AFA6ABB8A8F} = {E3423ECD-93D3-4F16-B021-A94B129E6CAF}
		{3BD36AAF-C12B-480E-BC1C-FE174F421483} = {310F18A4-7CAD-4D81-9100-3209BA20B333}
		{25568FE0-F5F3-46D5-8590-1670B36CCA33} = {4BF08B88-7043-4A1D-A3B0-68A2C3112BC6}
		{7E80CCE1-84D5-44FA-A6C7-47146358279D} = {0368ADA8-B380-4F1B-8142-706A45620D90}
		{2BE4165B-FC0C-494C-AADB-3AF89781D2B9} = {0368ADA8-B380-4F1B-8142-706A45620D90}
		{171E9BEE-9975-49CA-879C-7E64ADE65FE5} = {0368ADA8-B380-4F1B-8142-706A45620D90}
		{B73F7857-7CD3-417F-8A5B-5851642D01F2} = {0368ADA8-B380-4F1B-8142-706A45620D90}
	EndGlobalSection
EndGlobal
