
Microsoft Visual Studio Solution File, Format Version 12.00
Project("{2150E333-8FDC-42A3-9474-1A3956D46DE8}") = "Lab5", "Lab5", "{E3423ECD-93D3-4F16-B021-A94B129E6CAF}"
EndProject
Project("{FAE04EC0-301F-11D3-BF4B-00C04F79EFBC}") = "Lab1", "Lab1\Lab1.csproj", "{DC0D710B-E099-41EC-B6AD-1B5E9F25BD8D}"
EndProject
Project("{FAE04EC0-301F-11D3-BF4B-00C04F79EFBC}") = "Lab2", "Lab2\Lab2.csproj", "{D6AFF503-71C1-48C4-B993-1D5A4C629341}"
EndProject
Project("{FAE04EC0-301F-11D3-BF4B-00C04F79EFBC}") = "Lab3", "Lab3\Lab3.csproj", "{E7C562D6-977E-4886-88AF-C1967321AD6D}"
EndProject
Project("{FAE04EC0-301F-11D3-BF4B-00C04F79EFBC}") = "Lab4", "Lab4\Lab4.csproj", "{595AEF79-246A-4CAB-8956-6E493676F627}"
EndProject
Project("{2150E333-8FDC-42A3-9474-1A3956D46DE8}") = "src", "src", "{E6D8ED08-6972-4276-B10E-F956AAB36D2E}"
EndProject
Project("{2150E333-8FDC-42A3-9474-1A3956D46DE8}") = "tests", "tests", "{E36B9621-BABD-452F-8199-3186BF43AEF2}"
EndProject
Project("{FAE04EC0-301F-11D3-BF4B-00C04F79EFBC}") = "Lab1.Tests", "Lab1.Tests\Lab1.Tests.csproj", "{D908A2F0-BE8F-4C49-A85C-8E4480EE63D2}"
EndProject
Project("{FAE04EC0-301F-11D3-BF4B-00C04F79EFBC}") = "Lab2.Tests", "Lab2.Tests\Lab2.Tests.csproj", "{F6CC0A83-467F-4F58-BF4A-7C7A8C50196D}"
EndProject
Global
	GlobalSection(SolutionConfigurationPlatforms) = preSolution
		Debug|Any CPU = Debug|Any CPU
		Release|Any CPU = Release|Any CPU
	EndGlobalSection
	GlobalSection(ProjectConfigurationPlatforms) = postSolution
		{DC0D710B-E099-41EC-B6AD-1B5E9F25BD8D}.Debug|Any CPU.ActiveCfg = Debug|Any CPU
		{DC0D710B-E099-41EC-B6AD-1B5E9F25BD8D}.Debug|Any CPU.Build.0 = Debug|Any CPU
		{DC0D710B-E099-41EC-B6AD-1B5E9F25BD8D}.Release|Any CPU.ActiveCfg = Release|Any CPU
		{DC0D710B-E099-41EC-B6AD-1B5E9F25BD8D}.Release|Any CPU.Build.0 = Release|Any CPU
		{D6AFF503-71C1-48C4-B993-1D5A4C629341}.Debug|Any CPU.ActiveCfg = Debug|Any CPU
		{D6AFF503-71C1-48C4-B993-1D5A4C629341}.Debug|Any CPU.Build.0 = Debug|Any CPU
		{D6AFF503-71C1-48C4-B993-1D5A4C629341}.Release|Any CPU.ActiveCfg = Release|Any CPU
		{D6AFF503-71C1-48C4-B993-1D5A4C629341}.Release|Any CPU.Build.0 = Release|Any CPU
		{E7C562D6-977E-4886-88AF-C1967321AD6D}.Debug|Any CPU.ActiveCfg = Debug|Any CPU
		{E7C562D6-977E-4886-88AF-C1967321AD6D}.Debug|Any CPU.Build.0 = Debug|Any CPU
		{E7C562D6-977E-4886-88AF-C1967321AD6D}.Release|Any CPU.ActiveCfg = Release|Any CPU
		{E7C562D6-977E-4886-88AF-C1967321AD6D}.Release|Any CPU.Build.0 = Release|Any CPU
		{595AEF79-246A-4CAB-8956-6E493676F627}.Debug|Any CPU.ActiveCfg = Debug|Any CPU
		{595AEF79-246A-4CAB-8956-6E493676F627}.Debug|Any CPU.Build.0 = Debug|Any CPU
		{595AEF79-246A-4CAB-8956-6E493676F627}.Release|Any CPU.ActiveCfg = Release|Any CPU
		{595AEF79-246A-4CAB-8956-6E493676F627}.Release|Any CPU.Build.0 = Release|Any CPU
		{D908A2F0-BE8F-4C49-A85C-8E4480EE63D2}.Debug|Any CPU.ActiveCfg = Debug|Any CPU
		{D908A2F0-BE8F-4C49-A85C-8E4480EE63D2}.Debug|Any CPU.Build.0 = Debug|Any CPU
		{D908A2F0-BE8F-4C49-A85C-8E4480EE63D2}.Release|Any CPU.ActiveCfg = Release|Any CPU
		{D908A2F0-BE8F-4C49-A85C-8E4480EE63D2}.Release|Any CPU.Build.0 = Release|Any CPU
		{F6CC0A83-467F-4F58-BF4A-7C7A8C50196D}.Debug|Any CPU.ActiveCfg = Debug|Any CPU
		{F6CC0A83-467F-4F58-BF4A-7C7A8C50196D}.Debug|Any CPU.Build.0 = Debug|Any CPU
		{F6CC0A83-467F-4F58-BF4A-7C7A8C50196D}.Release|Any CPU.ActiveCfg = Release|Any CPU
		{F6CC0A83-467F-4F58-BF4A-7C7A8C50196D}.Release|Any CPU.Build.0 = Release|Any CPU
	EndGlobalSection
	GlobalSection(NestedProjects) = preSolution
		{DC0D710B-E099-41EC-B6AD-1B5E9F25BD8D} = {E6D8ED08-6972-4276-B10E-F956AAB36D2E}
		{D6AFF503-71C1-48C4-B993-1D5A4C629341} = {E6D8ED08-6972-4276-B10E-F956AAB36D2E}
		{595AEF79-246A-4CAB-8956-6E493676F627} = {E6D8ED08-6972-4276-B10E-F956AAB36D2E}
		{E7C562D6-977E-4886-88AF-C1967321AD6D} = {E6D8ED08-6972-4276-B10E-F956AAB36D2E}
		{E3423ECD-93D3-4F16-B021-A94B129E6CAF} = {E6D8ED08-6972-4276-B10E-F956AAB36D2E}
		{D908A2F0-BE8F-4C49-A85C-8E4480EE63D2} = {E36B9621-BABD-452F-8199-3186BF43AEF2}
		{F6CC0A83-467F-4F58-BF4A-7C7A8C50196D} = {E36B9621-BABD-452F-8199-3186BF43AEF2}
	EndGlobalSection
EndGlobal
